
Microsoft Visual Studio Solution File, Format Version 12.00
# Visual Studio Version 17
VisualStudioVersion = 17.3.32901.215
MinimumVisualStudioVersion = 10.0.40219.1
Project("{FAE04EC0-301F-11D3-BF4B-00C04F79EFBC}") = "Kitaplık Projesi", "Kitaplık Projesi\Kitaplık Projesi.csproj", "{F33FBD6A-A2BE-484B-B720-ABBB9352984C}"
EndProject
Global
	GlobalSection(SolutionConfigurationPlatforms) = preSolution
		Debug|Any CPU = Debug|Any CPU
		Release|Any CPU = Release|Any CPU
	EndGlobalSection
	GlobalSection(ProjectConfigurationPlatforms) = postSolution
		{F33FBD6A-A2BE-484B-B720-ABBB9352984C}.Debug|Any CPU.ActiveCfg = Debug|Any CPU
		{F33FBD6A-A2BE-484B-B720-ABBB9352984C}.Debug|Any CPU.Build.0 = Debug|Any CPU
		{F33FBD6A-A2BE-484B-B720-ABBB9352984C}.Release|Any CPU.ActiveCfg = Release|Any CPU
		{F33FBD6A-A2BE-484B-B720-ABBB9352984C}.Release|Any CPU.Build.0 = Release|Any CPU
	EndGlobalSection
	GlobalSection(SolutionProperties) = preSolution
		HideSolutionNode = FALSE
	EndGlobalSection
	GlobalSection(ExtensibilityGlobals) = postSolution
		SolutionGuid = {37EEB51A-9C9B-4011-9FE5-5D91E68E452C}
	EndGlobalSection
EndGlobal
